
Microsoft Visual Studio Solution File, Format Version 12.00
# Visual Studio Version 17
VisualStudioVersion = 17.4.33205.214
MinimumVisualStudioVersion = 10.0.40219.1
Project("{FAE04EC0-301F-11D3-BF4B-00C04F79EFBC}") = "Practical-18", "Practical-18\Practical-18.csproj", "{1BE43965-B4F2-431E-941B-CB66C82E8C30}"
EndProject
Global
	GlobalSection(SolutionConfigurationPlatforms) = preSolution
		Debug|Any CPU = Debug|Any CPU
		Release|Any CPU = Release|Any CPU
	EndGlobalSection
	GlobalSection(ProjectConfigurationPlatforms) = postSolution
		{1BE43965-B4F2-431E-941B-CB66C82E8C30}.Debug|Any CPU.ActiveCfg = Debug|Any CPU
		{1BE43965-B4F2-431E-941B-CB66C82E8C30}.Debug|Any CPU.Build.0 = Debug|Any CPU
		{1BE43965-B4F2-431E-941B-CB66C82E8C30}.Release|Any CPU.ActiveCfg = Release|Any CPU
		{1BE43965-B4F2-431E-941B-CB66C82E8C30}.Release|Any CPU.Build.0 = Release|Any CPU
	EndGlobalSection
	GlobalSection(SolutionProperties) = preSolution
		HideSolutionNode = FALSE
	EndGlobalSection
	GlobalSection(ExtensibilityGlobals) = postSolution
		SolutionGuid = {4F726C33-124D-4EA9-B29A-2D8E6F6A20D1}
	EndGlobalSection
EndGlobal
